// !$*UTF8*$!
{
	archiveVersion = 1;
	classes = {
	};
	objectVersion = 46;
	objects = {

/* Begin PBXBuildFile section */
		FA4CF2DC14FC5D0B00134287 /* post_process.1 in CopyFiles */ = {isa = PBXBuildFile; fileRef = FA4CF2DB14FC5D0B00134287 /* post_process.1 */; };
		FA4CF2E514FC5D2000134287 /* post_process.cpp in Sources */ = {isa = PBXBuildFile; fileRef = FA4CF2E314FC5D2000134287 /* post_process.cpp */; };
		FA4CF2E614FC5D2000134287 /* stdafx.cpp in Sources */ = {isa = PBXBuildFile; fileRef = FA4CF2E414FC5D2000134287 /* stdafx.cpp */; };
/* End PBXBuildFile section */

/* Begin PBXCopyFilesBuildPhase section */
		FA4CF2D314FC5D0B00134287 /* CopyFiles */ = {
			isa = PBXCopyFilesBuildPhase;
			buildActionMask = 2147483647;
			dstPath = /usr/share/man/man1/;
			dstSubfolderSpec = 0;
			files = (
				FA4CF2DC14FC5D0B00134287 /* post_process.1 in CopyFiles */,
			);
			runOnlyForDeploymentPostprocessing = 1;
		};
/* End PBXCopyFilesBuildPhase section */

/* Begin PBXFileReference section */
		FA4CF2D514FC5D0B00134287 /* post-process */ = {isa = PBXFileReference; explicitFileType = "compiled.mach-o.executable"; includeInIndex = 0; path = "post-process"; sourceTree = BUILT_PRODUCTS_DIR; };
		FA4CF2DB14FC5D0B00134287 /* post_process.1 */ = {isa = PBXFileReference; lastKnownFileType = text.man; path = post_process.1; sourceTree = "<group>"; };
		FA4CF2E214FC5D2000134287 /* stdafx.h */ = {isa = PBXFileReference; fileEncoding = 4; lastKnownFileType = sourcecode.c.h; name = stdafx.h; path = ../../stdafx.h; sourceTree = "<group>"; };
		FA4CF2E314FC5D2000134287 /* post_process.cpp */ = {isa = PBXFileReference; fileEncoding = 4; lastKnownFileType = sourcecode.cpp.cpp; name = post_process.cpp; path = ../../post_process.cpp; sourceTree = "<group>"; };
		FA4CF2E414FC5D2000134287 /* stdafx.cpp */ = {isa = PBXFileReference; fileEncoding = 4; lastKnownFileType = sourcecode.cpp.cpp; name = stdafx.cpp; path = ../../stdafx.cpp; sourceTree = "<group>"; };
/* End PBXFileReference section */

/* Begin PBXFrameworksBuildPhase section */
		FA4CF2D214FC5D0B00134287 /* Frameworks */ = {
			isa = PBXFrameworksBuildPhase;
			buildActionMask = 2147483647;
			files = (
			);
			runOnlyForDeploymentPostprocessing = 0;
		};
/* End PBXFrameworksBuildPhase section */

/* Begin PBXGroup section */
		FA4CF2CA14FC5D0B00134287 = {
			isa = PBXGroup;
			children = (
				FA4CF2D814FC5D0B00134287 /* post-process */,
				FA4CF2D614FC5D0B00134287 /* Products */,
			);
			sourceTree = "<group>";
		};
		FA4CF2D614FC5D0B00134287 /* Products */ = {
			isa = PBXGroup;
			children = (
				FA4CF2D514FC5D0B00134287 /* post-process */,
			);
			name = Products;
			sourceTree = "<group>";
		};
		FA4CF2D814FC5D0B00134287 /* post-process */ = {
			isa = PBXGroup;
			children = (
				FA4CF2E214FC5D2000134287 /* stdafx.h */,
				FA4CF2E314FC5D2000134287 /* post_process.cpp */,
				FA4CF2E414FC5D2000134287 /* stdafx.cpp */,
				FA4CF2DB14FC5D0B00134287 /* post_process.1 */,
			);
			path = "post-process";
			sourceTree = "<group>";
		};
/* End PBXGroup section */

/* Begin PBXNativeTarget section */
		FA4CF2D414FC5D0B00134287 /* post-process */ = {
			isa = PBXNativeTarget;
			buildConfigurationList = FA4CF2DF14FC5D0B00134287 /* Build configuration list for PBXNativeTarget "post-process" */;
			buildPhases = (
				FA4CF2D114FC5D0B00134287 /* Sources */,
				FA4CF2D214FC5D0B00134287 /* Frameworks */,
				FA4CF2D314FC5D0B00134287 /* CopyFiles */,
			);
			buildRules = (
			);
			dependencies = (
			);
			name = "post-process";
			productName = "post-process";
			productReference = FA4CF2D514FC5D0B00134287 /* post-process */;
			productType = "com.apple.product-type.tool";
		};
/* End PBXNativeTarget section */

/* Begin PBXProject section */
		FA4CF2CC14FC5D0B00134287 /* Project object */ = {
			isa = PBXProject;
			attributes = {
				LastUpgradeCheck = 0420;
				ORGANIZATIONNAME = "Tel Aviv University";
			};
			buildConfigurationList = FA4CF2CF14FC5D0B00134287 /* Build configuration list for PBXProject "post-process" */;
			compatibilityVersion = "Xcode 3.2";
			developmentRegion = English;
			hasScannedForEncodings = 0;
			knownRegions = (
				en,
			);
			mainGroup = FA4CF2CA14FC5D0B00134287;
			productRefGroup = FA4CF2D614FC5D0B00134287 /* Products */;
			projectDirPath = "";
			projectRoot = "";
			targets = (
				FA4CF2D414FC5D0B00134287 /* post-process */,
			);
		};
/* End PBXProject section */

/* Begin PBXSourcesBuildPhase section */
		FA4CF2D114FC5D0B00134287 /* Sources */ = {
			isa = PBXSourcesBuildPhase;
			buildActionMask = 2147483647;
			files = (
				FA4CF2E514FC5D2000134287 /* post_process.cpp in Sources */,
				FA4CF2E614FC5D2000134287 /* stdafx.cpp in Sources */,
			);
			runOnlyForDeploymentPostprocessing = 0;
		};
/* End PBXSourcesBuildPhase section */

/* Begin XCBuildConfiguration section */
		FA4CF2DD14FC5D0B00134287 /* Debug */ = {
			isa = XCBuildConfiguration;
			buildSettings = {
				ALWAYS_SEARCH_USER_PATHS = NO;
				ARCHS = "$(ARCHS_STANDARD_64_BIT)";
				CLANG_ENABLE_OBJC_ARC = YES;
				COPY_PHASE_STRIP = NO;
				GCC_C_LANGUAGE_STANDARD = gnu99;
				GCC_DYNAMIC_NO_PIC = NO;
				GCC_ENABLE_OBJC_EXCEPTIONS = YES;
				GCC_OPTIMIZATION_LEVEL = 0;
				GCC_PREPROCESSOR_DEFINITIONS = (
					"DEBUG=1",
					"$(inherited)",
				);
				GCC_SYMBOLS_PRIVATE_EXTERN = NO;
				GCC_VERSION = com.apple.compilers.llvm.clang.1_0;
				GCC_WARN_64_TO_32_BIT_CONVERSION = YES;
				GCC_WARN_ABOUT_MISSING_PROTOTYPES = YES;
				GCC_WARN_ABOUT_RETURN_TYPE = YES;
				GCC_WARN_UNUSED_VARIABLE = YES;
				MACOSX_DEPLOYMENT_TARGET = 10.7;
				ONLY_ACTIVE_ARCH = YES;
				SDKROOT = macosx;
			};
			name = Debug;
		};
		FA4CF2DE14FC5D0B00134287 /* Release */ = {
			isa = XCBuildConfiguration;
			buildSettings = {
				ALWAYS_SEARCH_USER_PATHS = NO;
				ARCHS = "$(ARCHS_STANDARD_64_BIT)";
				CLANG_ENABLE_OBJC_ARC = YES;
				COPY_PHASE_STRIP = YES;
				DEBUG_INFORMATION_FORMAT = "dwarf-with-dsym";
				GCC_C_LANGUAGE_STANDARD = gnu99;
				GCC_ENABLE_OBJC_EXCEPTIONS = YES;
				GCC_VERSION = com.apple.compilers.llvm.clang.1_0;
				GCC_WARN_64_TO_32_BIT_CONVERSION = YES;
				GCC_WARN_ABOUT_MISSING_PROTOTYPES = YES;
				GCC_WARN_ABOUT_RETURN_TYPE = YES;
				GCC_WARN_UNUSED_VARIABLE = YES;
				MACOSX_DEPLOYMENT_TARGET = 10.7;
				SDKROOT = macosx;
			};
			name = Release;
		};
		FA4CF2E014FC5D0B00134287 /* Debug */ = {
			isa = XCBuildConfiguration;
			buildSettings = {
				PRODUCT_NAME = "$(TARGET_NAME)";
			};
			name = Debug;
		};
		FA4CF2E114FC5D0B00134287 /* Release */ = {
			isa = XCBuildConfiguration;
			buildSettings = {
				PRODUCT_NAME = "$(TARGET_NAME)";
			};
			name = Release;
		};
/* End XCBuildConfiguration section */

/* Begin XCConfigurationList section */
		FA4CF2CF14FC5D0B00134287 /* Build configuration list for PBXProject "post-process" */ = {
			isa = XCConfigurationList;
			buildConfigurations = (
				FA4CF2DD14FC5D0B00134287 /* Debug */,
				FA4CF2DE14FC5D0B00134287 /* Release */,
			);
			defaultConfigurationIsVisible = 0;
			defaultConfigurationName = Release;
		};
		FA4CF2DF14FC5D0B00134287 /* Build configuration list for PBXNativeTarget "post-process" */ = {
			isa = XCConfigurationList;
			buildConfigurations = (
				FA4CF2E014FC5D0B00134287 /* Debug */,
				FA4CF2E114FC5D0B00134287 /* Release */,
			);
			defaultConfigurationIsVisible = 0;
		};
/* End XCConfigurationList section */
	};
	rootObject = FA4CF2CC14FC5D0B00134287 /* Project object */;
}
